
Microsoft Visual Studio Solution File, Format Version 12.00
# Visual Studio 15
VisualStudioVersion = 15.0.28307.902
MinimumVisualStudioVersion = 10.0.40219.1
Project("{FAE04EC0-301F-11D3-BF4B-00C04F79EFBC}") = "AspMvcAjax", "AspMvcAjax\AspMvcAjax.csproj", "{B27DF05D-C45B-4890-BC26-6014B99E9FF2}"
EndProject
Global
	GlobalSection(SolutionConfigurationPlatforms) = preSolution
		Debug|Any CPU = Debug|Any CPU
		Release|Any CPU = Release|Any CPU
	EndGlobalSection
	GlobalSection(ProjectConfigurationPlatforms) = postSolution
		{B27DF05D-C45B-4890-BC26-6014B99E9FF2}.Debug|Any CPU.ActiveCfg = Debug|Any CPU
		{B27DF05D-C45B-4890-BC26-6014B99E9FF2}.Debug|Any CPU.Build.0 = Debug|Any CPU
		{B27DF05D-C45B-4890-BC26-6014B99E9FF2}.Release|Any CPU.ActiveCfg = Release|Any CPU
		{B27DF05D-C45B-4890-BC26-6014B99E9FF2}.Release|Any CPU.Build.0 = Release|Any CPU
	EndGlobalSection
	GlobalSection(SolutionProperties) = preSolution
		HideSolutionNode = FALSE
	EndGlobalSection
	GlobalSection(ExtensibilityGlobals) = postSolution
		SolutionGuid = {44BD0B94-8AB7-4ED3-B4E7-720A102293F8}
	EndGlobalSection
EndGlobal
