
Microsoft Visual Studio Solution File, Format Version 12.00
# Visual Studio 15
VisualStudioVersion = 15.0.28307.902
MinimumVisualStudioVersion = 10.0.40219.1
Project("{FAE04EC0-301F-11D3-BF4B-00C04F79EFBC}") = "AspNetWebApi", "AspNetWebApi\AspNetWebApi.csproj", "{B19F9DCC-111C-4A5C-B282-7FA5C5A46D20}"
EndProject
Project("{FAE04EC0-301F-11D3-BF4B-00C04F79EFBC}") = "AspNetWebApi.Tests", "AspNetWebApi.Tests\AspNetWebApi.Tests.csproj", "{87C6AF95-8EF7-4761-A5B4-8CF6858F2BF2}"
EndProject
Global
	GlobalSection(SolutionConfigurationPlatforms) = preSolution
		Debug|Any CPU = Debug|Any CPU
		Release|Any CPU = Release|Any CPU
	EndGlobalSection
	GlobalSection(ProjectConfigurationPlatforms) = postSolution
		{B19F9DCC-111C-4A5C-B282-7FA5C5A46D20}.Debug|Any CPU.ActiveCfg = Debug|Any CPU
		{B19F9DCC-111C-4A5C-B282-7FA5C5A46D20}.Debug|Any CPU.Build.0 = Debug|Any CPU
		{B19F9DCC-111C-4A5C-B282-7FA5C5A46D20}.Release|Any CPU.ActiveCfg = Release|Any CPU
		{B19F9DCC-111C-4A5C-B282-7FA5C5A46D20}.Release|Any CPU.Build.0 = Release|Any CPU
		{87C6AF95-8EF7-4761-A5B4-8CF6858F2BF2}.Debug|Any CPU.ActiveCfg = Debug|Any CPU
		{87C6AF95-8EF7-4761-A5B4-8CF6858F2BF2}.Debug|Any CPU.Build.0 = Debug|Any CPU
		{87C6AF95-8EF7-4761-A5B4-8CF6858F2BF2}.Release|Any CPU.ActiveCfg = Release|Any CPU
		{87C6AF95-8EF7-4761-A5B4-8CF6858F2BF2}.Release|Any CPU.Build.0 = Release|Any CPU
	EndGlobalSection
	GlobalSection(SolutionProperties) = preSolution
		HideSolutionNode = FALSE
	EndGlobalSection
	GlobalSection(ExtensibilityGlobals) = postSolution
		SolutionGuid = {6AC2A6B1-2A3F-4C79-9B52-94433E972E1D}
	EndGlobalSection
EndGlobal
