
Microsoft Visual Studio Solution File, Format Version 12.00
# Visual Studio 15
VisualStudioVersion = 15.0.28307.902
MinimumVisualStudioVersion = 10.0.40219.1
Project("{FAE04EC0-301F-11D3-BF4B-00C04F79EFBC}") = "WebApplicationSecurity01", "WebApplicationSecurity01\WebApplicationSecurity01.csproj", "{AC6B49E7-9757-4612-8BCD-C5C5D2CFC475}"
EndProject
Global
	GlobalSection(SolutionConfigurationPlatforms) = preSolution
		Debug|Any CPU = Debug|Any CPU
		Release|Any CPU = Release|Any CPU
	EndGlobalSection
	GlobalSection(ProjectConfigurationPlatforms) = postSolution
		{AC6B49E7-9757-4612-8BCD-C5C5D2CFC475}.Debug|Any CPU.ActiveCfg = Debug|Any CPU
		{AC6B49E7-9757-4612-8BCD-C5C5D2CFC475}.Debug|Any CPU.Build.0 = Debug|Any CPU
		{AC6B49E7-9757-4612-8BCD-C5C5D2CFC475}.Release|Any CPU.ActiveCfg = Release|Any CPU
		{AC6B49E7-9757-4612-8BCD-C5C5D2CFC475}.Release|Any CPU.Build.0 = Release|Any CPU
	EndGlobalSection
	GlobalSection(SolutionProperties) = preSolution
		HideSolutionNode = FALSE
	EndGlobalSection
	GlobalSection(ExtensibilityGlobals) = postSolution
		SolutionGuid = {0E6AF95B-95D6-424A-B341-F54B824A15F7}
	EndGlobalSection
EndGlobal
