
Microsoft Visual Studio Solution File, Format Version 12.00
# Visual Studio Version 16
VisualStudioVersion = 16.0.29519.181
MinimumVisualStudioVersion = 10.0.40219.1
Project("{FAE04EC0-301F-11D3-BF4B-00C04F79EFBC}") = "BaseToModelExample", "BaseToModelExample\BaseToModelExample.csproj", "{42A34ABB-8423-48C3-9190-2080E48C7893}"
EndProject
Project("{FAE04EC0-301F-11D3-BF4B-00C04F79EFBC}") = "BaseToCodeExample", "..\BaseToCodeExample\BaseToCodeExample.csproj", "{FD2EC63A-4ABB-4F42-9351-B0A3B7895626}"
EndProject
Global
	GlobalSection(SolutionConfigurationPlatforms) = preSolution
		Debug|Any CPU = Debug|Any CPU
		Release|Any CPU = Release|Any CPU
	EndGlobalSection
	GlobalSection(ProjectConfigurationPlatforms) = postSolution
		{42A34ABB-8423-48C3-9190-2080E48C7893}.Debug|Any CPU.ActiveCfg = Debug|Any CPU
		{42A34ABB-8423-48C3-9190-2080E48C7893}.Debug|Any CPU.Build.0 = Debug|Any CPU
		{42A34ABB-8423-48C3-9190-2080E48C7893}.Release|Any CPU.ActiveCfg = Release|Any CPU
		{42A34ABB-8423-48C3-9190-2080E48C7893}.Release|Any CPU.Build.0 = Release|Any CPU
		{FD2EC63A-4ABB-4F42-9351-B0A3B7895626}.Debug|Any CPU.ActiveCfg = Debug|Any CPU
		{FD2EC63A-4ABB-4F42-9351-B0A3B7895626}.Debug|Any CPU.Build.0 = Debug|Any CPU
		{FD2EC63A-4ABB-4F42-9351-B0A3B7895626}.Release|Any CPU.ActiveCfg = Release|Any CPU
		{FD2EC63A-4ABB-4F42-9351-B0A3B7895626}.Release|Any CPU.Build.0 = Release|Any CPU
	EndGlobalSection
	GlobalSection(SolutionProperties) = preSolution
		HideSolutionNode = FALSE
	EndGlobalSection
	GlobalSection(ExtensibilityGlobals) = postSolution
		SolutionGuid = {30C1846E-E8D0-437C-B61F-34B18AF93920}
	EndGlobalSection
EndGlobal
