
Microsoft Visual Studio Solution File, Format Version 12.00
# Visual Studio Version 16
VisualStudioVersion = 16.0.29519.181
MinimumVisualStudioVersion = 10.0.40219.1
Project("{FAE04EC0-301F-11D3-BF4B-00C04F79EFBC}") = "Travels", "Travels\Travels.csproj", "{344848EB-509B-4B35-9135-7B978764DB49}"
EndProject
Global
	GlobalSection(SolutionConfigurationPlatforms) = preSolution
		Debug|Any CPU = Debug|Any CPU
		Release|Any CPU = Release|Any CPU
	EndGlobalSection
	GlobalSection(ProjectConfigurationPlatforms) = postSolution
		{344848EB-509B-4B35-9135-7B978764DB49}.Debug|Any CPU.ActiveCfg = Debug|Any CPU
		{344848EB-509B-4B35-9135-7B978764DB49}.Debug|Any CPU.Build.0 = Debug|Any CPU
		{344848EB-509B-4B35-9135-7B978764DB49}.Release|Any CPU.ActiveCfg = Release|Any CPU
		{344848EB-509B-4B35-9135-7B978764DB49}.Release|Any CPU.Build.0 = Release|Any CPU
	EndGlobalSection
	GlobalSection(SolutionProperties) = preSolution
		HideSolutionNode = FALSE
	EndGlobalSection
	GlobalSection(ExtensibilityGlobals) = postSolution
		SolutionGuid = {0689DFEF-37BD-4AE2-A607-142A44E3764E}
	EndGlobalSection
EndGlobal
