
Microsoft Visual Studio Solution File, Format Version 12.00
# Visual Studio Version 16
VisualStudioVersion = 16.0.29519.181
MinimumVisualStudioVersion = 10.0.40219.1
Project("{FAE04EC0-301F-11D3-BF4B-00C04F79EFBC}") = "Module7.2", "Module7.2\Module7.2.csproj", "{3BF32C39-DA1A-40AC-9CAD-D6C977D68187}"
EndProject
Global
	GlobalSection(SolutionConfigurationPlatforms) = preSolution
		Debug|Any CPU = Debug|Any CPU
		Release|Any CPU = Release|Any CPU
	EndGlobalSection
	GlobalSection(ProjectConfigurationPlatforms) = postSolution
		{3BF32C39-DA1A-40AC-9CAD-D6C977D68187}.Debug|Any CPU.ActiveCfg = Debug|Any CPU
		{3BF32C39-DA1A-40AC-9CAD-D6C977D68187}.Debug|Any CPU.Build.0 = Debug|Any CPU
		{3BF32C39-DA1A-40AC-9CAD-D6C977D68187}.Release|Any CPU.ActiveCfg = Release|Any CPU
		{3BF32C39-DA1A-40AC-9CAD-D6C977D68187}.Release|Any CPU.Build.0 = Release|Any CPU
	EndGlobalSection
	GlobalSection(SolutionProperties) = preSolution
		HideSolutionNode = FALSE
	EndGlobalSection
	GlobalSection(ExtensibilityGlobals) = postSolution
		SolutionGuid = {AAA1983F-CA02-4E88-90DE-709129839C98}
	EndGlobalSection
EndGlobal
