
Microsoft Visual Studio Solution File, Format Version 12.00
# Visual Studio Version 16
VisualStudioVersion = 16.0.29418.71
MinimumVisualStudioVersion = 10.0.40219.1
Project("{FAE04EC0-301F-11D3-BF4B-00C04F79EFBC}") = "Stage2", "Stage2\Stage2.csproj", "{6D8A03AD-110C-4199-94A1-704630F1D4DB}"
EndProject
Global
	GlobalSection(SolutionConfigurationPlatforms) = preSolution
		Debug|Any CPU = Debug|Any CPU
		Release|Any CPU = Release|Any CPU
	EndGlobalSection
	GlobalSection(ProjectConfigurationPlatforms) = postSolution
		{6D8A03AD-110C-4199-94A1-704630F1D4DB}.Debug|Any CPU.ActiveCfg = Debug|Any CPU
		{6D8A03AD-110C-4199-94A1-704630F1D4DB}.Debug|Any CPU.Build.0 = Debug|Any CPU
		{6D8A03AD-110C-4199-94A1-704630F1D4DB}.Release|Any CPU.ActiveCfg = Release|Any CPU
		{6D8A03AD-110C-4199-94A1-704630F1D4DB}.Release|Any CPU.Build.0 = Release|Any CPU
	EndGlobalSection
	GlobalSection(SolutionProperties) = preSolution
		HideSolutionNode = FALSE
	EndGlobalSection
	GlobalSection(ExtensibilityGlobals) = postSolution
		SolutionGuid = {C84ABCB2-CB81-4460-8EE5-6E35266F6FD4}
	EndGlobalSection
EndGlobal
