
Microsoft Visual Studio Solution File, Format Version 12.00
# Visual Studio Version 16
VisualStudioVersion = 16.0.29519.181
MinimumVisualStudioVersion = 10.0.40219.1
Project("{FAE04EC0-301F-11D3-BF4B-00C04F79EFBC}") = "ThreadRace", "ThreadTests\ThreadRace.csproj", "{428CDBA9-9833-4E98-8C82-40DC9514FE21}"
EndProject
Project("{FAE04EC0-301F-11D3-BF4B-00C04F79EFBC}") = "RaceTasks", "RaceTasks\RaceTasks.csproj", "{D43B8E48-1A58-48FF-8D60-4D7AEDB795A2}"
EndProject
Global
	GlobalSection(SolutionConfigurationPlatforms) = preSolution
		Debug|Any CPU = Debug|Any CPU
		Release|Any CPU = Release|Any CPU
	EndGlobalSection
	GlobalSection(ProjectConfigurationPlatforms) = postSolution
		{428CDBA9-9833-4E98-8C82-40DC9514FE21}.Debug|Any CPU.ActiveCfg = Debug|Any CPU
		{428CDBA9-9833-4E98-8C82-40DC9514FE21}.Debug|Any CPU.Build.0 = Debug|Any CPU
		{428CDBA9-9833-4E98-8C82-40DC9514FE21}.Release|Any CPU.ActiveCfg = Release|Any CPU
		{428CDBA9-9833-4E98-8C82-40DC9514FE21}.Release|Any CPU.Build.0 = Release|Any CPU
		{D43B8E48-1A58-48FF-8D60-4D7AEDB795A2}.Debug|Any CPU.ActiveCfg = Debug|Any CPU
		{D43B8E48-1A58-48FF-8D60-4D7AEDB795A2}.Debug|Any CPU.Build.0 = Debug|Any CPU
		{D43B8E48-1A58-48FF-8D60-4D7AEDB795A2}.Release|Any CPU.ActiveCfg = Release|Any CPU
		{D43B8E48-1A58-48FF-8D60-4D7AEDB795A2}.Release|Any CPU.Build.0 = Release|Any CPU
	EndGlobalSection
	GlobalSection(SolutionProperties) = preSolution
		HideSolutionNode = FALSE
	EndGlobalSection
	GlobalSection(ExtensibilityGlobals) = postSolution
		SolutionGuid = {B8488583-2394-4BD7-A22F-D2219CAA56A0}
	EndGlobalSection
EndGlobal
