
Microsoft Visual Studio Solution File, Format Version 12.00
# Visual Studio Version 16
VisualStudioVersion = 16.0.29709.97
MinimumVisualStudioVersion = 10.0.40219.1
Project("{FAE04EC0-301F-11D3-BF4B-00C04F79EFBC}") = "vroom", "vroom\vroom.csproj", "{2A9558B1-A0FC-428D-ACD3-E8AEC990108E}"
EndProject
Global
	GlobalSection(SolutionConfigurationPlatforms) = preSolution
		Debug|Any CPU = Debug|Any CPU
		Release|Any CPU = Release|Any CPU
	EndGlobalSection
	GlobalSection(ProjectConfigurationPlatforms) = postSolution
		{2A9558B1-A0FC-428D-ACD3-E8AEC990108E}.Debug|Any CPU.ActiveCfg = Debug|Any CPU
		{2A9558B1-A0FC-428D-ACD3-E8AEC990108E}.Debug|Any CPU.Build.0 = Debug|Any CPU
		{2A9558B1-A0FC-428D-ACD3-E8AEC990108E}.Release|Any CPU.ActiveCfg = Release|Any CPU
		{2A9558B1-A0FC-428D-ACD3-E8AEC990108E}.Release|Any CPU.Build.0 = Release|Any CPU
	EndGlobalSection
	GlobalSection(SolutionProperties) = preSolution
		HideSolutionNode = FALSE
	EndGlobalSection
	GlobalSection(ExtensibilityGlobals) = postSolution
		SolutionGuid = {52251882-86DF-4074-AFE9-B8D45E236820}
	EndGlobalSection
EndGlobal
