
Microsoft Visual Studio Solution File, Format Version 12.00
# Visual Studio 15
VisualStudioVersion = 15.0.27703.2026
MinimumVisualStudioVersion = 10.0.40219.1
Project("{FAE04EC0-301F-11D3-BF4B-00C04F79EFBC}") = "HomeWork_10_Guselnikov", "HomeWork_10_Guselnikov\HomeWork_10_Guselnikov.csproj", "{4156A546-7961-431B-BBD3-FD09EE8B7A0D}"
EndProject
Project("{FAE04EC0-301F-11D3-BF4B-00C04F79EFBC}") = "Calculation_Tests", "Calculation_Tests\Calculation_Tests.csproj", "{449F7DE1-FBDE-4216-8271-9980D4F04B6A}"
EndProject
Global
	GlobalSection(SolutionConfigurationPlatforms) = preSolution
		Debug|Any CPU = Debug|Any CPU
		Release|Any CPU = Release|Any CPU
	EndGlobalSection
	GlobalSection(ProjectConfigurationPlatforms) = postSolution
		{4156A546-7961-431B-BBD3-FD09EE8B7A0D}.Debug|Any CPU.ActiveCfg = Debug|Any CPU
		{4156A546-7961-431B-BBD3-FD09EE8B7A0D}.Debug|Any CPU.Build.0 = Debug|Any CPU
		{4156A546-7961-431B-BBD3-FD09EE8B7A0D}.Release|Any CPU.ActiveCfg = Release|Any CPU
		{4156A546-7961-431B-BBD3-FD09EE8B7A0D}.Release|Any CPU.Build.0 = Release|Any CPU
		{449F7DE1-FBDE-4216-8271-9980D4F04B6A}.Debug|Any CPU.ActiveCfg = Debug|Any CPU
		{449F7DE1-FBDE-4216-8271-9980D4F04B6A}.Debug|Any CPU.Build.0 = Debug|Any CPU
		{449F7DE1-FBDE-4216-8271-9980D4F04B6A}.Release|Any CPU.ActiveCfg = Release|Any CPU
		{449F7DE1-FBDE-4216-8271-9980D4F04B6A}.Release|Any CPU.Build.0 = Release|Any CPU
	EndGlobalSection
	GlobalSection(SolutionProperties) = preSolution
		HideSolutionNode = FALSE
	EndGlobalSection
	GlobalSection(ExtensibilityGlobals) = postSolution
		SolutionGuid = {153D842B-661F-4EF8-BB4F-BDB7DC195821}
	EndGlobalSection
EndGlobal
