
Microsoft Visual Studio Solution File, Format Version 12.00
# Visual Studio 15
VisualStudioVersion = 15.0.27004.2002
MinimumVisualStudioVersion = 10.0.40219.1
Project("{FAE04EC0-301F-11D3-BF4B-00C04F79EFBC}") = "Module6Task2", "Module6Task2\Module6Task2.csproj", "{B1D0A3FF-439D-4B7B-B7C1-3A57C679860E}"
EndProject
Project("{FAE04EC0-301F-11D3-BF4B-00C04F79EFBC}") = "RaceTasks", "RaceTasks\RaceTasks.csproj", "{5C712C00-153A-4699-9BF5-46739C0E5436}"
EndProject
Global
	GlobalSection(SolutionConfigurationPlatforms) = preSolution
		Debug|Any CPU = Debug|Any CPU
		Release|Any CPU = Release|Any CPU
	EndGlobalSection
	GlobalSection(ProjectConfigurationPlatforms) = postSolution
		{B1D0A3FF-439D-4B7B-B7C1-3A57C679860E}.Debug|Any CPU.ActiveCfg = Debug|Any CPU
		{B1D0A3FF-439D-4B7B-B7C1-3A57C679860E}.Debug|Any CPU.Build.0 = Debug|Any CPU
		{B1D0A3FF-439D-4B7B-B7C1-3A57C679860E}.Release|Any CPU.ActiveCfg = Release|Any CPU
		{B1D0A3FF-439D-4B7B-B7C1-3A57C679860E}.Release|Any CPU.Build.0 = Release|Any CPU
		{5C712C00-153A-4699-9BF5-46739C0E5436}.Debug|Any CPU.ActiveCfg = Debug|Any CPU
		{5C712C00-153A-4699-9BF5-46739C0E5436}.Debug|Any CPU.Build.0 = Debug|Any CPU
		{5C712C00-153A-4699-9BF5-46739C0E5436}.Release|Any CPU.ActiveCfg = Release|Any CPU
		{5C712C00-153A-4699-9BF5-46739C0E5436}.Release|Any CPU.Build.0 = Release|Any CPU
	EndGlobalSection
	GlobalSection(SolutionProperties) = preSolution
		HideSolutionNode = FALSE
	EndGlobalSection
	GlobalSection(ExtensibilityGlobals) = postSolution
		SolutionGuid = {B43A68EC-C7D3-4267-B549-5E3826B4B415}
	EndGlobalSection
EndGlobal
