
Microsoft Visual Studio Solution File, Format Version 12.00
# Visual Studio Version 16
VisualStudioVersion = 16.0.29609.76
MinimumVisualStudioVersion = 10.0.40219.1
Project("{FAE04EC0-301F-11D3-BF4B-00C04F79EFBC}") = "WebCoreApplication", "WebCoreApplication\WebCoreApplication.csproj", "{40FFCD7A-6FDF-4B65-9225-A288C32E7A43}"
EndProject
Global
	GlobalSection(SolutionConfigurationPlatforms) = preSolution
		Debug|Any CPU = Debug|Any CPU
		Release|Any CPU = Release|Any CPU
	EndGlobalSection
	GlobalSection(ProjectConfigurationPlatforms) = postSolution
		{40FFCD7A-6FDF-4B65-9225-A288C32E7A43}.Debug|Any CPU.ActiveCfg = Debug|Any CPU
		{40FFCD7A-6FDF-4B65-9225-A288C32E7A43}.Debug|Any CPU.Build.0 = Debug|Any CPU
		{40FFCD7A-6FDF-4B65-9225-A288C32E7A43}.Release|Any CPU.ActiveCfg = Release|Any CPU
		{40FFCD7A-6FDF-4B65-9225-A288C32E7A43}.Release|Any CPU.Build.0 = Release|Any CPU
	EndGlobalSection
	GlobalSection(SolutionProperties) = preSolution
		HideSolutionNode = FALSE
	EndGlobalSection
	GlobalSection(ExtensibilityGlobals) = postSolution
		SolutionGuid = {3F7CD472-271F-4BC0-9B09-2A2992E0CA52}
	EndGlobalSection
EndGlobal
